
Microsoft Visual Studio Solution File, Format Version 12.00
# Visual Studio 14
VisualStudioVersion = 14.0.25420.1
MinimumVisualStudioVersion = 10.0.40219.1
Project("{151D2E53-A2C4-4D7D-83FE-D05416EBD58E}") = "fileserverwithmultidomainjoingithub", "fileserverwithmultidomainjoingithub\fileserverwithmultidomainjoingithub.deployproj", "{B6A8A579-7E0F-493A-AF3A-495574D4FDD5}"
EndProject
Global
	GlobalSection(SolutionConfigurationPlatforms) = preSolution
		Debug|Any CPU = Debug|Any CPU
		Release|Any CPU = Release|Any CPU
	EndGlobalSection
	GlobalSection(ProjectConfigurationPlatforms) = postSolution
		{B6A8A579-7E0F-493A-AF3A-495574D4FDD5}.Debug|Any CPU.ActiveCfg = Debug|Any CPU
		{B6A8A579-7E0F-493A-AF3A-495574D4FDD5}.Debug|Any CPU.Build.0 = Debug|Any CPU
		{B6A8A579-7E0F-493A-AF3A-495574D4FDD5}.Release|Any CPU.ActiveCfg = Release|Any CPU
		{B6A8A579-7E0F-493A-AF3A-495574D4FDD5}.Release|Any CPU.Build.0 = Release|Any CPU
	EndGlobalSection
	GlobalSection(SolutionProperties) = preSolution
		HideSolutionNode = FALSE
	EndGlobalSection
EndGlobal
