
Microsoft Visual Studio Solution File, Format Version 12.00
# Visual Studio 15
VisualStudioVersion = 15.0.26403.3
MinimumVisualStudioVersion = 10.0.40219.1
Project("{151D2E53-A2C4-4D7D-83FE-D05416EBD58E}") = "vmwithencryptedstorage", "vmwithencryptedstorage\vmwithencryptedstorage.deployproj", "{8F684275-180A-4278-8D90-13EBD8081978}"
EndProject
Project("{151D2E53-A2C4-4D7D-83FE-D05416EBD58E}") = "2vmsencryptedstorage", "2vmsencryptedstorage\2vmsencryptedstorage.deployproj", "{7FB6EE14-62CA-4496-9D4C-42B666B1DF74}"
EndProject
Project("{151D2E53-A2C4-4D7D-83FE-D05416EBD58E}") = "2vmencryptednatrules", "2vmencryptednatrules\2vmencryptednatrules.deployproj", "{CAD9AA5C-3CDD-42C6-85B6-9863E3E7F629}"
EndProject
Project("{151D2E53-A2C4-4D7D-83FE-D05416EBD58E}") = "vmswithlbnatrules", "vmswithlbnatrules\vmswithlbnatrules.deployproj", "{C15A168B-CE83-4C9A-9BD5-D21E83F5D70E}"
EndProject
Project("{151D2E53-A2C4-4D7D-83FE-D05416EBD58E}") = "vmnatlblinux", "vmnatlblinux\vmnatlblinux.deployproj", "{5438272E-BEB8-423D-850D-12EC214FC019}"
EndProject
Project("{151D2E53-A2C4-4D7D-83FE-D05416EBD58E}") = "vmnatrulessecrets", "vmnatrulessecrets\vmnatrulessecrets.deployproj", "{3AFC692E-DB7C-4818-A516-4188A05709B5}"
EndProject
Project("{151D2E53-A2C4-4D7D-83FE-D05416EBD58E}") = "vmencryptstart", "vmencryptstart\vmencryptstart.deployproj", "{8073545D-66BA-4937-A9CC-A2013CF1ECDF}"
EndProject
Project("{151D2E53-A2C4-4D7D-83FE-D05416EBD58E}") = "vmdscxchrome", "vmdscxchrome\vmdscxchrome.deployproj", "{DED06486-09BF-4B58-B83A-87B689D1C622}"
EndProject
Global
	GlobalSection(SolutionConfigurationPlatforms) = preSolution
		Debug|Any CPU = Debug|Any CPU
		Release|Any CPU = Release|Any CPU
	EndGlobalSection
	GlobalSection(ProjectConfigurationPlatforms) = postSolution
		{8F684275-180A-4278-8D90-13EBD8081978}.Debug|Any CPU.ActiveCfg = Debug|Any CPU
		{8F684275-180A-4278-8D90-13EBD8081978}.Debug|Any CPU.Build.0 = Debug|Any CPU
		{8F684275-180A-4278-8D90-13EBD8081978}.Release|Any CPU.ActiveCfg = Release|Any CPU
		{8F684275-180A-4278-8D90-13EBD8081978}.Release|Any CPU.Build.0 = Release|Any CPU
		{7FB6EE14-62CA-4496-9D4C-42B666B1DF74}.Debug|Any CPU.ActiveCfg = Debug|Any CPU
		{7FB6EE14-62CA-4496-9D4C-42B666B1DF74}.Debug|Any CPU.Build.0 = Debug|Any CPU
		{7FB6EE14-62CA-4496-9D4C-42B666B1DF74}.Release|Any CPU.ActiveCfg = Release|Any CPU
		{7FB6EE14-62CA-4496-9D4C-42B666B1DF74}.Release|Any CPU.Build.0 = Release|Any CPU
		{CAD9AA5C-3CDD-42C6-85B6-9863E3E7F629}.Debug|Any CPU.ActiveCfg = Debug|Any CPU
		{CAD9AA5C-3CDD-42C6-85B6-9863E3E7F629}.Debug|Any CPU.Build.0 = Debug|Any CPU
		{CAD9AA5C-3CDD-42C6-85B6-9863E3E7F629}.Release|Any CPU.ActiveCfg = Release|Any CPU
		{CAD9AA5C-3CDD-42C6-85B6-9863E3E7F629}.Release|Any CPU.Build.0 = Release|Any CPU
		{C15A168B-CE83-4C9A-9BD5-D21E83F5D70E}.Debug|Any CPU.ActiveCfg = Debug|Any CPU
		{C15A168B-CE83-4C9A-9BD5-D21E83F5D70E}.Debug|Any CPU.Build.0 = Debug|Any CPU
		{C15A168B-CE83-4C9A-9BD5-D21E83F5D70E}.Release|Any CPU.ActiveCfg = Release|Any CPU
		{C15A168B-CE83-4C9A-9BD5-D21E83F5D70E}.Release|Any CPU.Build.0 = Release|Any CPU
		{5438272E-BEB8-423D-850D-12EC214FC019}.Debug|Any CPU.ActiveCfg = Debug|Any CPU
		{5438272E-BEB8-423D-850D-12EC214FC019}.Debug|Any CPU.Build.0 = Debug|Any CPU
		{5438272E-BEB8-423D-850D-12EC214FC019}.Release|Any CPU.ActiveCfg = Release|Any CPU
		{5438272E-BEB8-423D-850D-12EC214FC019}.Release|Any CPU.Build.0 = Release|Any CPU
		{3AFC692E-DB7C-4818-A516-4188A05709B5}.Debug|Any CPU.ActiveCfg = Debug|Any CPU
		{3AFC692E-DB7C-4818-A516-4188A05709B5}.Debug|Any CPU.Build.0 = Debug|Any CPU
		{3AFC692E-DB7C-4818-A516-4188A05709B5}.Release|Any CPU.ActiveCfg = Release|Any CPU
		{3AFC692E-DB7C-4818-A516-4188A05709B5}.Release|Any CPU.Build.0 = Release|Any CPU
		{8073545D-66BA-4937-A9CC-A2013CF1ECDF}.Debug|Any CPU.ActiveCfg = Debug|Any CPU
		{8073545D-66BA-4937-A9CC-A2013CF1ECDF}.Debug|Any CPU.Build.0 = Debug|Any CPU
		{8073545D-66BA-4937-A9CC-A2013CF1ECDF}.Release|Any CPU.ActiveCfg = Release|Any CPU
		{8073545D-66BA-4937-A9CC-A2013CF1ECDF}.Release|Any CPU.Build.0 = Release|Any CPU
		{DED06486-09BF-4B58-B83A-87B689D1C622}.Debug|Any CPU.ActiveCfg = Debug|Any CPU
		{DED06486-09BF-4B58-B83A-87B689D1C622}.Debug|Any CPU.Build.0 = Debug|Any CPU
		{DED06486-09BF-4B58-B83A-87B689D1C622}.Release|Any CPU.ActiveCfg = Release|Any CPU
		{DED06486-09BF-4B58-B83A-87B689D1C622}.Release|Any CPU.Build.0 = Release|Any CPU
	EndGlobalSection
	GlobalSection(SolutionProperties) = preSolution
		HideSolutionNode = FALSE
	EndGlobalSection
EndGlobal
