
Microsoft Visual Studio Solution File, Format Version 12.00
# Visual Studio 15
VisualStudioVersion = 15.0.26403.3
MinimumVisualStudioVersion = 10.0.40219.1
Project("{151D2E53-A2C4-4D7D-83FE-D05416EBD58E}") = "vmwithencryptedstorage", "vmwithencryptedstorage\vmwithencryptedstorage.deployproj", "{8F684275-180A-4278-8D90-13EBD8081978}"
EndProject
Global
	GlobalSection(SolutionConfigurationPlatforms) = preSolution
		Debug|Any CPU = Debug|Any CPU
		Release|Any CPU = Release|Any CPU
	EndGlobalSection
	GlobalSection(ProjectConfigurationPlatforms) = postSolution
		{8F684275-180A-4278-8D90-13EBD8081978}.Debug|Any CPU.ActiveCfg = Debug|Any CPU
		{8F684275-180A-4278-8D90-13EBD8081978}.Debug|Any CPU.Build.0 = Debug|Any CPU
		{8F684275-180A-4278-8D90-13EBD8081978}.Release|Any CPU.ActiveCfg = Release|Any CPU
		{8F684275-180A-4278-8D90-13EBD8081978}.Release|Any CPU.Build.0 = Release|Any CPU
	EndGlobalSection
	GlobalSection(SolutionProperties) = preSolution
		HideSolutionNode = FALSE
	EndGlobalSection
EndGlobal
